{
    "_readme": [
        "This file locks the dependencies of your project to a known state",
        "Read more about it at https://getcomposer.org/doc/01-basic-usage.md#installing-dependencies",
        "This file is @generated automatically"
    ],
    "content-hash": "1367f9b24145c45721542e898ec22e6f",
    "packages": [],
    "packages-dev": [],
    "aliases": [],
    "minimum-stability": "stable",
    "stability-flags": [],
    "prefer-stable": false,
    "prefer-lowest": false,
    "platform": {
        "php": ">=5.6",
        "ext-pdo": "*",
        "ext-pdo_mysql": "*",
        "ext-mysqli": "*",
        "ext-xml": "*",
        "ext-json": "*",
        "ext-openssl": "*",
        "ext-mcrypt": "*",
        "ext-curl": "*",
        "ext-gd": "*",
        "ext-mbstring": "*"
    },
    "platform-dev": []
}
